// !$*UTF8*$!
{
	archiveVersion = 1;
	classes = {
	};
	objectVersion = 56;
	objects = {

/* Begin PBXBuildFile section */
		843BDFBF2A29EBD8009B4EAC /* AppDelegate.swift in Sources */ = {isa = PBXBuildFile; fileRef = 843BDFBE2A29EBD8009B4EAC /* AppDelegate.swift */; };
		843BDFC12A29EBD8009B4EAC /* SceneDelegate.swift in Sources */ = {isa = PBXBuildFile; fileRef = 843BDFC02A29EBD8009B4EAC /* SceneDelegate.swift */; };
		843BDFC32A29EBD8009B4EAC /* LoginPageVC.swift in Sources */ = {isa = PBXBuildFile; fileRef = 843BDFC22A29EBD8009B4EAC /* LoginPageVC.swift */; };
		843BDFC82A29EBD9009B4EAC /* Assets.xcassets in Resources */ = {isa = PBXBuildFile; fileRef = 843BDFC72A29EBD9009B4EAC /* Assets.xcassets */; };
		843BDFCB2A29EBD9009B4EAC /* LaunchScreen.storyboard in Resources */ = {isa = PBXBuildFile; fileRef = 843BDFC92A29EBD9009B4EAC /* LaunchScreen.storyboard */; };
		843BDFDA2A29EEB2009B4EAC /* SnapKit in Frameworks */ = {isa = PBXBuildFile; productRef = 843BDFD92A29EEB2009B4EAC /* SnapKit */; };
		843BDFDC2A29EF96009B4EAC /* GoogleService-Info.plist in Resources */ = {isa = PBXBuildFile; fileRef = 843BDFDB2A29EF96009B4EAC /* GoogleService-Info.plist */; };
		843BDFDF2A29F447009B4EAC /* FirebaseAuth in Frameworks */ = {isa = PBXBuildFile; productRef = 843BDFDE2A29F447009B4EAC /* FirebaseAuth */; };
		843BDFE12A29F447009B4EAC /* FirebaseFirestore in Frameworks */ = {isa = PBXBuildFile; productRef = 843BDFE02A29F447009B4EAC /* FirebaseFirestore */; };
		843BDFE62A29F84D009B4EAC /* LoginPageView.swift in Sources */ = {isa = PBXBuildFile; fileRef = 843BDFE52A29F84D009B4EAC /* LoginPageView.swift */; };
		843BDFE92A29F93F009B4EAC /* View+Ext.swift in Sources */ = {isa = PBXBuildFile; fileRef = 843BDFE82A29F93F009B4EAC /* View+Ext.swift */; };
		843BDFEB2A29FE29009B4EAC /* Constants.swift in Sources */ = {isa = PBXBuildFile; fileRef = 843BDFEA2A29FE29009B4EAC /* Constants.swift */; };
/* End PBXBuildFile section */

/* Begin PBXFileReference section */
		843BDFBB2A29EBD8009B4EAC /* XoX-MVVM-ProgrammaticUI.app */ = {isa = PBXFileReference; explicitFileType = wrapper.application; includeInIndex = 0; path = "XoX-MVVM-ProgrammaticUI.app"; sourceTree = BUILT_PRODUCTS_DIR; };
		843BDFBE2A29EBD8009B4EAC /* AppDelegate.swift */ = {isa = PBXFileReference; lastKnownFileType = sourcecode.swift; path = AppDelegate.swift; sourceTree = "<group>"; };
		843BDFC02A29EBD8009B4EAC /* SceneDelegate.swift */ = {isa = PBXFileReference; lastKnownFileType = sourcecode.swift; path = SceneDelegate.swift; sourceTree = "<group>"; };
		843BDFC22A29EBD8009B4EAC /* LoginPageVC.swift */ = {isa = PBXFileReference; lastKnownFileType = sourcecode.swift; path = LoginPageVC.swift; sourceTree = "<group>"; };
		843BDFC72A29EBD9009B4EAC /* Assets.xcassets */ = {isa = PBXFileReference; lastKnownFileType = folder.assetcatalog; path = Assets.xcassets; sourceTree = "<group>"; };
		843BDFCA2A29EBD9009B4EAC /* Base */ = {isa = PBXFileReference; lastKnownFileType = file.storyboard; name = Base; path = Base.lproj/LaunchScreen.storyboard; sourceTree = "<group>"; };
		843BDFCC2A29EBD9009B4EAC /* Info.plist */ = {isa = PBXFileReference; lastKnownFileType = text.plist.xml; path = Info.plist; sourceTree = "<group>"; };
		843BDFDB2A29EF96009B4EAC /* GoogleService-Info.plist */ = {isa = PBXFileReference; fileEncoding = 4; lastKnownFileType = text.plist.xml; path = "GoogleService-Info.plist"; sourceTree = "<group>"; };
		843BDFE52A29F84D009B4EAC /* LoginPageView.swift */ = {isa = PBXFileReference; lastKnownFileType = sourcecode.swift; path = LoginPageView.swift; sourceTree = "<group>"; };
		843BDFE82A29F93F009B4EAC /* View+Ext.swift */ = {isa = PBXFileReference; lastKnownFileType = sourcecode.swift; path = "View+Ext.swift"; sourceTree = "<group>"; };
		843BDFEA2A29FE29009B4EAC /* Constants.swift */ = {isa = PBXFileReference; lastKnownFileType = sourcecode.swift; path = Constants.swift; sourceTree = "<group>"; };
/* End PBXFileReference section */

/* Begin PBXFrameworksBuildPhase section */
		843BDFB82A29EBD8009B4EAC /* Frameworks */ = {
			isa = PBXFrameworksBuildPhase;
			buildActionMask = 2147483647;
			files = (
				843BDFDA2A29EEB2009B4EAC /* SnapKit in Frameworks */,
				843BDFDF2A29F447009B4EAC /* FirebaseAuth in Frameworks */,
				843BDFE12A29F447009B4EAC /* FirebaseFirestore in Frameworks */,
			);
			runOnlyForDeploymentPostprocessing = 0;
		};
/* End PBXFrameworksBuildPhase section */

/* Begin PBXGroup section */
		843BDFB22A29EBD8009B4EAC = {
			isa = PBXGroup;
			children = (
				843BDFBD2A29EBD8009B4EAC /* XoX-MVVM-ProgrammaticUI */,
				843BDFBC2A29EBD8009B4EAC /* Products */,
			);
			sourceTree = "<group>";
		};
		843BDFBC2A29EBD8009B4EAC /* Products */ = {
			isa = PBXGroup;
			children = (
				843BDFBB2A29EBD8009B4EAC /* XoX-MVVM-ProgrammaticUI.app */,
			);
			name = Products;
			sourceTree = "<group>";
		};
		843BDFBD2A29EBD8009B4EAC /* XoX-MVVM-ProgrammaticUI */ = {
			isa = PBXGroup;
			children = (
				843BDFD42A29ED5E009B4EAC /* Model */,
				843BDFD32A29ED5B009B4EAC /* View */,
				843BDFD22A29ED4D009B4EAC /* ViewModel */,
				843BDFD62A29ED68009B4EAC /* Support */,
				843BDFD52A29ED65009B4EAC /* App */,
				843BDFD72A29ED70009B4EAC /* Info */,
			);
			path = "XoX-MVVM-ProgrammaticUI";
			sourceTree = "<group>";
		};
		843BDFD22A29ED4D009B4EAC /* ViewModel */ = {
			isa = PBXGroup;
			children = (
			);
			path = ViewModel;
			sourceTree = "<group>";
		};
		843BDFD32A29ED5B009B4EAC /* View */ = {
			isa = PBXGroup;
			children = (
				843BDFE72A29F92C009B4EAC /* View+Ext */,
				843BDFE22A29F7BF009B4EAC /* LoginPage */,
				843BDFE32A29F820009B4EAC /* GamePage */,
				843BDFE42A29F826009B4EAC /* AcountPage */,
			);
			path = View;
			sourceTree = "<group>";
		};
		843BDFD42A29ED5E009B4EAC /* Model */ = {
			isa = PBXGroup;
			children = (
				843BDFEA2A29FE29009B4EAC /* Constants.swift */,
			);
			path = Model;
			sourceTree = "<group>";
		};
		843BDFD52A29ED65009B4EAC /* App */ = {
			isa = PBXGroup;
			children = (
				843BDFBE2A29EBD8009B4EAC /* AppDelegate.swift */,
				843BDFC02A29EBD8009B4EAC /* SceneDelegate.swift */,
			);
			path = App;
			sourceTree = "<group>";
		};
		843BDFD62A29ED68009B4EAC /* Support */ = {
			isa = PBXGroup;
			children = (
				843BDFC72A29EBD9009B4EAC /* Assets.xcassets */,
				843BDFC92A29EBD9009B4EAC /* LaunchScreen.storyboard */,
			);
			path = Support;
			sourceTree = "<group>";
		};
		843BDFD72A29ED70009B4EAC /* Info */ = {
			isa = PBXGroup;
			children = (
				843BDFCC2A29EBD9009B4EAC /* Info.plist */,
				843BDFDB2A29EF96009B4EAC /* GoogleService-Info.plist */,
			);
			path = Info;
			sourceTree = "<group>";
		};
		843BDFE22A29F7BF009B4EAC /* LoginPage */ = {
			isa = PBXGroup;
			children = (
				843BDFC22A29EBD8009B4EAC /* LoginPageVC.swift */,
				843BDFE52A29F84D009B4EAC /* LoginPageView.swift */,
			);
			path = LoginPage;
			sourceTree = "<group>";
		};
		843BDFE32A29F820009B4EAC /* GamePage */ = {
			isa = PBXGroup;
			children = (
			);
			path = GamePage;
			sourceTree = "<group>";
		};
		843BDFE42A29F826009B4EAC /* AcountPage */ = {
			isa = PBXGroup;
			children = (
			);
			path = AcountPage;
			sourceTree = "<group>";
		};
		843BDFE72A29F92C009B4EAC /* View+Ext */ = {
			isa = PBXGroup;
			children = (
				843BDFE82A29F93F009B4EAC /* View+Ext.swift */,
			);
			path = "View+Ext";
			sourceTree = "<group>";
		};
/* End PBXGroup section */

/* Begin PBXNativeTarget section */
		843BDFBA2A29EBD8009B4EAC /* XoX-MVVM-ProgrammaticUI */ = {
			isa = PBXNativeTarget;
			buildConfigurationList = 843BDFCF2A29EBD9009B4EAC /* Build configuration list for PBXNativeTarget "XoX-MVVM-ProgrammaticUI" */;
			buildPhases = (
				843BDFB72A29EBD8009B4EAC /* Sources */,
				843BDFB82A29EBD8009B4EAC /* Frameworks */,
				843BDFB92A29EBD8009B4EAC /* Resources */,
			);
			buildRules = (
			);
			dependencies = (
			);
			name = "XoX-MVVM-ProgrammaticUI";
			packageProductDependencies = (
				843BDFD92A29EEB2009B4EAC /* SnapKit */,
				843BDFDE2A29F447009B4EAC /* FirebaseAuth */,
				843BDFE02A29F447009B4EAC /* FirebaseFirestore */,
			);
			productName = "XoX-MVVM-ProgrammaticUI";
			productReference = 843BDFBB2A29EBD8009B4EAC /* XoX-MVVM-ProgrammaticUI.app */;
			productType = "com.apple.product-type.application";
		};
/* End PBXNativeTarget section */

/* Begin PBXProject section */
		843BDFB32A29EBD8009B4EAC /* Project object */ = {
			isa = PBXProject;
			attributes = {
				BuildIndependentTargetsInParallel = 1;
				LastSwiftUpdateCheck = 1430;
				LastUpgradeCheck = 1430;
				TargetAttributes = {
					843BDFBA2A29EBD8009B4EAC = {
						CreatedOnToolsVersion = 14.3;
					};
				};
			};
			buildConfigurationList = 843BDFB62A29EBD8009B4EAC /* Build configuration list for PBXProject "XoX-MVVM-ProgrammaticUI" */;
			compatibilityVersion = "Xcode 14.0";
			developmentRegion = en;
			hasScannedForEncodings = 0;
			knownRegions = (
				en,
				Base,
			);
			mainGroup = 843BDFB22A29EBD8009B4EAC;
			packageReferences = (
				843BDFD82A29EEB2009B4EAC /* XCRemoteSwiftPackageReference "SnapKit" */,
				843BDFDD2A29F447009B4EAC /* XCRemoteSwiftPackageReference "firebase-ios-sdk" */,
			);
			productRefGroup = 843BDFBC2A29EBD8009B4EAC /* Products */;
			projectDirPath = "";
			projectRoot = "";
			targets = (
				843BDFBA2A29EBD8009B4EAC /* XoX-MVVM-ProgrammaticUI */,
			);
		};
/* End PBXProject section */

/* Begin PBXResourcesBuildPhase section */
		843BDFB92A29EBD8009B4EAC /* Resources */ = {
			isa = PBXResourcesBuildPhase;
			buildActionMask = 2147483647;
			files = (
				843BDFCB2A29EBD9009B4EAC /* LaunchScreen.storyboard in Resources */,
				843BDFC82A29EBD9009B4EAC /* Assets.xcassets in Resources */,
				843BDFDC2A29EF96009B4EAC /* GoogleService-Info.plist in Resources */,
			);
			runOnlyForDeploymentPostprocessing = 0;
		};
/* End PBXResourcesBuildPhase section */

/* Begin PBXSourcesBuildPhase section */
		843BDFB72A29EBD8009B4EAC /* Sources */ = {
			isa = PBXSourcesBuildPhase;
			buildActionMask = 2147483647;
			files = (
				843BDFC32A29EBD8009B4EAC /* LoginPageVC.swift in Sources */,
				843BDFBF2A29EBD8009B4EAC /* AppDelegate.swift in Sources */,
				843BDFE92A29F93F009B4EAC /* View+Ext.swift in Sources */,
				843BDFC12A29EBD8009B4EAC /* SceneDelegate.swift in Sources */,
				843BDFE62A29F84D009B4EAC /* LoginPageView.swift in Sources */,
				843BDFEB2A29FE29009B4EAC /* Constants.swift in Sources */,
			);
			runOnlyForDeploymentPostprocessing = 0;
		};
/* End PBXSourcesBuildPhase section */

/* Begin PBXVariantGroup section */
		843BDFC92A29EBD9009B4EAC /* LaunchScreen.storyboard */ = {
			isa = PBXVariantGroup;
			children = (
				843BDFCA2A29EBD9009B4EAC /* Base */,
			);
			name = LaunchScreen.storyboard;
			sourceTree = "<group>";
		};
/* End PBXVariantGroup section */

/* Begin XCBuildConfiguration section */
		843BDFCD2A29EBD9009B4EAC /* Debug */ = {
			isa = XCBuildConfiguration;
			buildSettings = {
				ALWAYS_SEARCH_USER_PATHS = NO;
				CLANG_ANALYZER_NONNULL = YES;
				CLANG_ANALYZER_NUMBER_OBJECT_CONVERSION = YES_AGGRESSIVE;
				CLANG_CXX_LANGUAGE_STANDARD = "gnu++20";
				CLANG_ENABLE_MODULES = YES;
				CLANG_ENABLE_OBJC_ARC = YES;
				CLANG_ENABLE_OBJC_WEAK = YES;
				CLANG_WARN_BLOCK_CAPTURE_AUTORELEASING = YES;
				CLANG_WARN_BOOL_CONVERSION = YES;
				CLANG_WARN_COMMA = YES;
				CLANG_WARN_CONSTANT_CONVERSION = YES;
				CLANG_WARN_DEPRECATED_OBJC_IMPLEMENTATIONS = YES;
				CLANG_WARN_DIRECT_OBJC_ISA_USAGE = YES_ERROR;
				CLANG_WARN_DOCUMENTATION_COMMENTS = YES;
				CLANG_WARN_EMPTY_BODY = YES;
				CLANG_WARN_ENUM_CONVERSION = YES;
				CLANG_WARN_INFINITE_RECURSION = YES;
				CLANG_WARN_INT_CONVERSION = YES;
				CLANG_WARN_NON_LITERAL_NULL_CONVERSION = YES;
				CLANG_WARN_OBJC_IMPLICIT_RETAIN_SELF = YES;
				CLANG_WARN_OBJC_LITERAL_CONVERSION = YES;
				CLANG_WARN_OBJC_ROOT_CLASS = YES_ERROR;
				CLANG_WARN_QUOTED_INCLUDE_IN_FRAMEWORK_HEADER = YES;
				CLANG_WARN_RANGE_LOOP_ANALYSIS = YES;
				CLANG_WARN_STRICT_PROTOTYPES = YES;
				CLANG_WARN_SUSPICIOUS_MOVE = YES;
				CLANG_WARN_UNGUARDED_AVAILABILITY = YES_AGGRESSIVE;
				CLANG_WARN_UNREACHABLE_CODE = YES;
				CLANG_WARN__DUPLICATE_METHOD_MATCH = YES;
				COPY_PHASE_STRIP = NO;
				DEBUG_INFORMATION_FORMAT = dwarf;
				ENABLE_STRICT_OBJC_MSGSEND = YES;
				ENABLE_TESTABILITY = YES;
				GCC_C_LANGUAGE_STANDARD = gnu11;
				GCC_DYNAMIC_NO_PIC = NO;
				GCC_NO_COMMON_BLOCKS = YES;
				GCC_OPTIMIZATION_LEVEL = 0;
				GCC_PREPROCESSOR_DEFINITIONS = (
					"DEBUG=1",
					"$(inherited)",
				);
				GCC_WARN_64_TO_32_BIT_CONVERSION = YES;
				GCC_WARN_ABOUT_RETURN_TYPE = YES_ERROR;
				GCC_WARN_UNDECLARED_SELECTOR = YES;
				GCC_WARN_UNINITIALIZED_AUTOS = YES_AGGRESSIVE;
				GCC_WARN_UNUSED_FUNCTION = YES;
				GCC_WARN_UNUSED_VARIABLE = YES;
				IPHONEOS_DEPLOYMENT_TARGET = 16.4;
				MTL_ENABLE_DEBUG_INFO = INCLUDE_SOURCE;
				MTL_FAST_MATH = YES;
				ONLY_ACTIVE_ARCH = YES;
				SDKROOT = iphoneos;
				SWIFT_ACTIVE_COMPILATION_CONDITIONS = DEBUG;
				SWIFT_OPTIMIZATION_LEVEL = "-Onone";
			};
			name = Debug;
		};
		843BDFCE2A29EBD9009B4EAC /* Release */ = {
			isa = XCBuildConfiguration;
			buildSettings = {
				ALWAYS_SEARCH_USER_PATHS = NO;
				CLANG_ANALYZER_NONNULL = YES;
				CLANG_ANALYZER_NUMBER_OBJECT_CONVERSION = YES_AGGRESSIVE;
				CLANG_CXX_LANGUAGE_STANDARD = "gnu++20";
				CLANG_ENABLE_MODULES = YES;
				CLANG_ENABLE_OBJC_ARC = YES;
				CLANG_ENABLE_OBJC_WEAK = YES;
				CLANG_WARN_BLOCK_CAPTURE_AUTORELEASING = YES;
				CLANG_WARN_BOOL_CONVERSION = YES;
				CLANG_WARN_COMMA = YES;
				CLANG_WARN_CONSTANT_CONVERSION = YES;
				CLANG_WARN_DEPRECATED_OBJC_IMPLEMENTATIONS = YES;
				CLANG_WARN_DIRECT_OBJC_ISA_USAGE = YES_ERROR;
				CLANG_WARN_DOCUMENTATION_COMMENTS = YES;
				CLANG_WARN_EMPTY_BODY = YES;
				CLANG_WARN_ENUM_CONVERSION = YES;
				CLANG_WARN_INFINITE_RECURSION = YES;
				CLANG_WARN_INT_CONVERSION = YES;
				CLANG_WARN_NON_LITERAL_NULL_CONVERSION = YES;
				CLANG_WARN_OBJC_IMPLICIT_RETAIN_SELF = YES;
				CLANG_WARN_OBJC_LITERAL_CONVERSION = YES;
				CLANG_WARN_OBJC_ROOT_CLASS = YES_ERROR;
				CLANG_WARN_QUOTED_INCLUDE_IN_FRAMEWORK_HEADER = YES;
				CLANG_WARN_RANGE_LOOP_ANALYSIS = YES;
				CLANG_WARN_STRICT_PROTOTYPES = YES;
				CLANG_WARN_SUSPICIOUS_MOVE = YES;
				CLANG_WARN_UNGUARDED_AVAILABILITY = YES_AGGRESSIVE;
				CLANG_WARN_UNREACHABLE_CODE = YES;
				CLANG_WARN__DUPLICATE_METHOD_MATCH = YES;
				COPY_PHASE_STRIP = NO;
				DEBUG_INFORMATION_FORMAT = "dwarf-with-dsym";
				ENABLE_NS_ASSERTIONS = NO;
				ENABLE_STRICT_OBJC_MSGSEND = YES;
				GCC_C_LANGUAGE_STANDARD = gnu11;
				GCC_NO_COMMON_BLOCKS = YES;
				GCC_WARN_64_TO_32_BIT_CONVERSION = YES;
				GCC_WARN_ABOUT_RETURN_TYPE = YES_ERROR;
				GCC_WARN_UNDECLARED_SELECTOR = YES;
				GCC_WARN_UNINITIALIZED_AUTOS = YES_AGGRESSIVE;
				GCC_WARN_UNUSED_FUNCTION = YES;
				GCC_WARN_UNUSED_VARIABLE = YES;
				IPHONEOS_DEPLOYMENT_TARGET = 16.4;
				MTL_ENABLE_DEBUG_INFO = NO;
				MTL_FAST_MATH = YES;
				SDKROOT = iphoneos;
				SWIFT_COMPILATION_MODE = wholemodule;
				SWIFT_OPTIMIZATION_LEVEL = "-O";
				VALIDATE_PRODUCT = YES;
			};
			name = Release;
		};
		843BDFD02A29EBD9009B4EAC /* Debug */ = {
			isa = XCBuildConfiguration;
			buildSettings = {
				ASSETCATALOG_COMPILER_APPICON_NAME = AppIcon;
				ASSETCATALOG_COMPILER_GLOBAL_ACCENT_COLOR_NAME = AccentColor;
				CODE_SIGN_STYLE = Automatic;
				CURRENT_PROJECT_VERSION = 1;
				DEVELOPMENT_TEAM = Q6XS9G2H7P;
				GENERATE_INFOPLIST_FILE = YES;
				INFOPLIST_FILE = "XoX-MVVM-ProgrammaticUI/Info/Info.plist";
				INFOPLIST_KEY_UIApplicationSupportsIndirectInputEvents = YES;
				INFOPLIST_KEY_UILaunchStoryboardName = LaunchScreen;
				INFOPLIST_KEY_UISupportedInterfaceOrientations_iPad = "UIInterfaceOrientationPortrait UIInterfaceOrientationPortraitUpsideDown UIInterfaceOrientationLandscapeLeft UIInterfaceOrientationLandscapeRight";
				INFOPLIST_KEY_UISupportedInterfaceOrientations_iPhone = "UIInterfaceOrientationPortrait UIInterfaceOrientationLandscapeLeft UIInterfaceOrientationLandscapeRight";
				LD_RUNPATH_SEARCH_PATHS = (
					"$(inherited)",
					"@executable_path/Frameworks",
				);
				MARKETING_VERSION = 1.0;
				PRODUCT_BUNDLE_IDENTIFIER = "com.yasinozmeen.XoX-MVVM-ProgrammaticUI";
				PRODUCT_NAME = "$(TARGET_NAME)";
				SWIFT_EMIT_LOC_STRINGS = YES;
				SWIFT_VERSION = 5.0;
				TARGETED_DEVICE_FAMILY = "1,2";
			};
			name = Debug;
		};
		843BDFD12A29EBD9009B4EAC /* Release */ = {
			isa = XCBuildConfiguration;
			buildSettings = {
				ASSETCATALOG_COMPILER_APPICON_NAME = AppIcon;
				ASSETCATALOG_COMPILER_GLOBAL_ACCENT_COLOR_NAME = AccentColor;
				CODE_SIGN_STYLE = Automatic;
				CURRENT_PROJECT_VERSION = 1;
				DEVELOPMENT_TEAM = Q6XS9G2H7P;
				GENERATE_INFOPLIST_FILE = YES;
				INFOPLIST_FILE = "XoX-MVVM-ProgrammaticUI/Info/Info.plist";
				INFOPLIST_KEY_UIApplicationSupportsIndirectInputEvents = YES;
				INFOPLIST_KEY_UILaunchStoryboardName = LaunchScreen;
				INFOPLIST_KEY_UISupportedInterfaceOrientations_iPad = "UIInterfaceOrientationPortrait UIInterfaceOrientationPortraitUpsideDown UIInterfaceOrientationLandscapeLeft UIInterfaceOrientationLandscapeRight";
				INFOPLIST_KEY_UISupportedInterfaceOrientations_iPhone = "UIInterfaceOrientationPortrait UIInterfaceOrientationLandscapeLeft UIInterfaceOrientationLandscapeRight";
				LD_RUNPATH_SEARCH_PATHS = (
					"$(inherited)",
					"@executable_path/Frameworks",
				);
				MARKETING_VERSION = 1.0;
				PRODUCT_BUNDLE_IDENTIFIER = "com.yasinozmeen.XoX-MVVM-ProgrammaticUI";
				PRODUCT_NAME = "$(TARGET_NAME)";
				SWIFT_EMIT_LOC_STRINGS = YES;
				SWIFT_VERSION = 5.0;
				TARGETED_DEVICE_FAMILY = "1,2";
			};
			name = Release;
		};
/* End XCBuildConfiguration section */

/* Begin XCConfigurationList section */
		843BDFB62A29EBD8009B4EAC /* Build configuration list for PBXProject "XoX-MVVM-ProgrammaticUI" */ = {
			isa = XCConfigurationList;
			buildConfigurations = (
				843BDFCD2A29EBD9009B4EAC /* Debug */,
				843BDFCE2A29EBD9009B4EAC /* Release */,
			);
			defaultConfigurationIsVisible = 0;
			defaultConfigurationName = Release;
		};
		843BDFCF2A29EBD9009B4EAC /* Build configuration list for PBXNativeTarget "XoX-MVVM-ProgrammaticUI" */ = {
			isa = XCConfigurationList;
			buildConfigurations = (
				843BDFD02A29EBD9009B4EAC /* Debug */,
				843BDFD12A29EBD9009B4EAC /* Release */,
			);
			defaultConfigurationIsVisible = 0;
			defaultConfigurationName = Release;
		};
/* End XCConfigurationList section */

/* Begin XCRemoteSwiftPackageReference section */
		843BDFD82A29EEB2009B4EAC /* XCRemoteSwiftPackageReference "SnapKit" */ = {
			isa = XCRemoteSwiftPackageReference;
			repositoryURL = "https://github.com/SnapKit/SnapKit";
			requirement = {
				kind = upToNextMajorVersion;
				minimumVersion = 5.0.0;
			};
		};
		843BDFDD2A29F447009B4EAC /* XCRemoteSwiftPackageReference "firebase-ios-sdk" */ = {
			isa = XCRemoteSwiftPackageReference;
			repositoryURL = "https://github.com/firebase/firebase-ios-sdk";
			requirement = {
				kind = upToNextMajorVersion;
				minimumVersion = 10.0.0;
			};
		};
/* End XCRemoteSwiftPackageReference section */

/* Begin XCSwiftPackageProductDependency section */
		843BDFD92A29EEB2009B4EAC /* SnapKit */ = {
			isa = XCSwiftPackageProductDependency;
			package = 843BDFD82A29EEB2009B4EAC /* XCRemoteSwiftPackageReference "SnapKit" */;
			productName = SnapKit;
		};
		843BDFDE2A29F447009B4EAC /* FirebaseAuth */ = {
			isa = XCSwiftPackageProductDependency;
			package = 843BDFDD2A29F447009B4EAC /* XCRemoteSwiftPackageReference "firebase-ios-sdk" */;
			productName = FirebaseAuth;
		};
		843BDFE02A29F447009B4EAC /* FirebaseFirestore */ = {
			isa = XCSwiftPackageProductDependency;
			package = 843BDFDD2A29F447009B4EAC /* XCRemoteSwiftPackageReference "firebase-ios-sdk" */;
			productName = FirebaseFirestore;
		};
/* End XCSwiftPackageProductDependency section */
	};
	rootObject = 843BDFB32A29EBD8009B4EAC /* Project object */;
}
